Microsoft Visual Studio Solution File, Format Version 12.00
# Visual Studio Version 17
VisualStudioVersion = 17.2.32519.379
MinimumVisualStudioVersion = 10.0.40219.1
Project("{11A8DD76-328B-46DF-9F39-F559912D0360}") = "nanoFramework.UnitTestLauncher", "source\UnitTestLauncher\nanoFramework.UnitTestLauncher.nfproj", "{897FC4EA-823D-4343-8CC6-B6F28C3FF91E}"
EndProject
Project("{11A8DD76-328B-46DF-9F39-F559912D0360}") = "nanoFramework.TestFramework", "source\TestFramework\nanoFramework.TestFramework.nfproj", "{D66A7774-AFAB-466B-9CFB-3485B02F4AF4}"
EndProject
Project("{D954291E-2A0B-460D-934E-DC6B0785DB48}") = "TestFrameworkShared", "source\TestFrameworkShared\TestFrameworkShared.shproj", "{55F048B5-6739-43C5-A93D-DB61DB8E912F}"
EndProject
Project("{2150E333-8FDC-42A3-9474-1A3956D46DE8}") = "Solution Items", "Solution Items", "{177B2F99-E031-410F-88EF-C0C46289B80C}"
	ProjectSection(SolutionItems) = preProject
		NuGet.Config = NuGet.Config
		source\package.nuspec = source\package.nuspec
		version.json = version.json
	EndProjectSection
EndProject
Global
	GlobalSection(SolutionConfigurationPlatforms) = preSolution
		Debug|Any CPU = Debug|Any CPU
		Release|Any CPU = Release|Any CPU
	EndGlobalSection
	GlobalSection(ProjectConfigurationPlatforms) = postSolution
		{897FC4EA-823D-4343-8CC6-B6F28C3FF91E}.Debug|Any CPU.ActiveCfg = Debug|Any CPU
		{897FC4EA-823D-4343-8CC6-B6F28C3FF91E}.Debug|Any CPU.Build.0 = Debug|Any CPU
		{897FC4EA-823D-4343-8CC6-B6F28C3FF91E}.Debug|Any CPU.Deploy.0 = Debug|Any CPU
		{897FC4EA-823D-4343-8CC6-B6F28C3FF91E}.Release|Any CPU.ActiveCfg = Release|Any CPU
		{897FC4EA-823D-4343-8CC6-B6F28C3FF91E}.Release|Any CPU.Build.0 = Release|Any CPU
		{897FC4EA-823D-4343-8CC6-B6F28C3FF91E}.Release|Any CPU.Deploy.0 = Release|Any CPU
		{D66A7774-AFAB-466B-9CFB-3485B02F4AF4}.Debug|Any CPU.ActiveCfg = Debug|Any CPU
		{D66A7774-AFAB-466B-9CFB-3485B02F4AF4}.Debug|Any CPU.Build.0 = Debug|Any CPU
		{D66A7774-AFAB-466B-9CFB-3485B02F4AF4}.Debug|Any CPU.Deploy.0 = Debug|Any CPU
		{D66A7774-AFAB-466B-9CFB-3485B02F4AF4}.Release|Any CPU.ActiveCfg = Release|Any CPU
		{D66A7774-AFAB-466B-9CFB-3485B02F4AF4}.Release|Any CPU.Build.0 = Release|Any CPU
		{D66A7774-AFAB-466B-9CFB-3485B02F4AF4}.Release|Any CPU.Deploy.0 = Release|Any CPU
	EndGlobalSection
	GlobalSection(SolutionProperties) = preSolution
		HideSolutionNode = FALSE
	EndGlobalSection
	GlobalSection(ExtensibilityGlobals) = postSolution
		SolutionGuid = {45FCB25A-0B73-4A11-B3AC-29A48E46AB9C}
	EndGlobalSection
	GlobalSection(SharedMSBuildProjectFiles) = preSolution
		source\TestFrameworkShared\TestFrameworkShared.projitems*{55f048b5-6739-43c5-a93d-db61db8e912f}*SharedItemsImports = 13
	EndGlobalSection
EndGlobal
