{
  "version": 1,
  "dependencies": {
    ".NETnanoFramework,Version=v1.0": {
      "nanoFramework.CoreLibrary": {
        "type": "Direct",
        "requested": "[2.0.0-preview.17, 2.0.0-preview.17]",
        "resolved": "2.0.0-preview.17",
        "contentHash": "hO4gULuYVYqDfR8X0LWte2CLswqgFTIZ2yspCWsJL9vQ19v5TEHubsoy7C8qxLA4ymsj4KolcOpNCif70Uni0w=="
      },
      "Nerdbank.GitVersioning": {
        "type": "Direct",
        "requested": "[3.7.115, 3.7.115]",
        "resolved": "3.7.115",
        "contentHash": "EpXamaAdRfG/BMxGgvZlTM0npRnkmXUjAj8OdNKd17t4oN+2nvjdv/KnFmzOOMDqvlwB49UCwtOHJrAQTfUBtQ=="
      }
    }
  }
}