
Microsoft Visual Studio Solution File, Format Version 12.00
# Visual Studio Version 16
VisualStudioVersion = 16.0.30011.22
MinimumVisualStudioVersion = 10.0.40219.1
Project("{2150E333-8FDC-42A3-9474-1A3956D46DE8}") = "TestFramework", "TestFramework", "{47313036-BAE8-41AA-ADDF-84E47B9449A6}"
EndProject
Project("{2150E333-8FDC-42A3-9474-1A3956D46DE8}") = "TestAdapter", "TestAdapter", "{651B806B-3116-4129-95FD-32DB92B2827F}"
EndProject
Project("{2150E333-8FDC-42A3-9474-1A3956D46DE8}") = "Build", "Build", "{65F27296-73EC-4DDB-B6E5-7FEAA1268524}"
	ProjectSection(SolutionItems) = preProject
		Build\nanoFramework.MSTest.TestAdapter.props = Build\nanoFramework.MSTest.TestAdapter.props
	EndProjectSection
EndProject
Project("{11A8DD76-328B-46DF-9F39-F559912D0360}") = "TestFramework", "TestFramework\TestFramework.nfproj", "{554AD6A9-97C7-4610-BAC9-CD1FD16BD40C}"
EndProject
Project("{FAE04EC0-301F-11D3-BF4B-00C04F79EFBC}") = "MSTest.TestAdapter", "TestAdapter\MSTest.TestAdapter.csproj", "{EB97BF7E-4D42-4110-9B10-155F11ECA3E6}"
EndProject
Project("{D954291E-2A0B-460D-934E-DC6B0785DB48}") = "TestPlatform.Shared", "TestPlatform.Shared\TestPlatform.Shared.shproj", "{BEAF6AED-9605-4D23-9DBC-805436BD5BF0}"
EndProject
Project("{9A19103F-16F7-4668-BE54-9A1E7A4F7556}") = "Nuget.nanoframework.TestAdapter", "..\Nuget.nanoframework.TestAdapter\Nuget.nanoframework.TestAdapter.csproj", "{2A8D0664-9A33-40C8-9F96-3B2AC975772C}"
EndProject
Project("{FAE04EC0-301F-11D3-BF4B-00C04F79EFBC}") = "Nuget.nanoframework.TestFramework", "..\Nuget.nanoframework.TestFramework\Nuget.nanoframework.TestFramework.csproj", "{3A008459-726D-4354-81CE-75E4182C3D9D}"
EndProject
Global
	GlobalSection(SharedMSBuildProjectFiles) = preSolution
		TestPlatform.Shared\TestPlatform.Shared.projitems*{beaf6aed-9605-4d23-9dbc-805436bd5bf0}*SharedItemsImports = 13
		TestPlatform.Shared\TestPlatform.Shared.projitems*{eb97bf7e-4d42-4110-9b10-155f11eca3e6}*SharedItemsImports = 4
	EndGlobalSection
	GlobalSection(SolutionConfigurationPlatforms) = preSolution
		Debug|Any CPU = Debug|Any CPU
		Release|Any CPU = Release|Any CPU
	EndGlobalSection
	GlobalSection(ProjectConfigurationPlatforms) = postSolution
		{554AD6A9-97C7-4610-BAC9-CD1FD16BD40C}.Debug|Any CPU.ActiveCfg = Debug|Any CPU
		{554AD6A9-97C7-4610-BAC9-CD1FD16BD40C}.Debug|Any CPU.Build.0 = Debug|Any CPU
		{554AD6A9-97C7-4610-BAC9-CD1FD16BD40C}.Debug|Any CPU.Deploy.0 = Debug|Any CPU
		{554AD6A9-97C7-4610-BAC9-CD1FD16BD40C}.Release|Any CPU.ActiveCfg = Release|Any CPU
		{554AD6A9-97C7-4610-BAC9-CD1FD16BD40C}.Release|Any CPU.Build.0 = Release|Any CPU
		{554AD6A9-97C7-4610-BAC9-CD1FD16BD40C}.Release|Any CPU.Deploy.0 = Release|Any CPU
		{EB97BF7E-4D42-4110-9B10-155F11ECA3E6}.Debug|Any CPU.ActiveCfg = Debug|Any CPU
		{EB97BF7E-4D42-4110-9B10-155F11ECA3E6}.Debug|Any CPU.Build.0 = Debug|Any CPU
		{EB97BF7E-4D42-4110-9B10-155F11ECA3E6}.Release|Any CPU.ActiveCfg = Release|Any CPU
		{EB97BF7E-4D42-4110-9B10-155F11ECA3E6}.Release|Any CPU.Build.0 = Release|Any CPU
		{2A8D0664-9A33-40C8-9F96-3B2AC975772C}.Debug|Any CPU.ActiveCfg = Debug|Any CPU
		{2A8D0664-9A33-40C8-9F96-3B2AC975772C}.Debug|Any CPU.Build.0 = Debug|Any CPU
		{2A8D0664-9A33-40C8-9F96-3B2AC975772C}.Release|Any CPU.ActiveCfg = Release|Any CPU
		{2A8D0664-9A33-40C8-9F96-3B2AC975772C}.Release|Any CPU.Build.0 = Release|Any CPU
		{3A008459-726D-4354-81CE-75E4182C3D9D}.Debug|Any CPU.ActiveCfg = Debug|Any CPU
		{3A008459-726D-4354-81CE-75E4182C3D9D}.Debug|Any CPU.Build.0 = Debug|Any CPU
		{3A008459-726D-4354-81CE-75E4182C3D9D}.Release|Any CPU.ActiveCfg = Release|Any CPU
		{3A008459-726D-4354-81CE-75E4182C3D9D}.Release|Any CPU.Build.0 = Release|Any CPU
	EndGlobalSection
	GlobalSection(SolutionProperties) = preSolution
		HideSolutionNode = FALSE
	EndGlobalSection
	GlobalSection(NestedProjects) = preSolution
		{65F27296-73EC-4DDB-B6E5-7FEAA1268524} = {651B806B-3116-4129-95FD-32DB92B2827F}
		{554AD6A9-97C7-4610-BAC9-CD1FD16BD40C} = {47313036-BAE8-41AA-ADDF-84E47B9449A6}
		{EB97BF7E-4D42-4110-9B10-155F11ECA3E6} = {651B806B-3116-4129-95FD-32DB92B2827F}
		{BEAF6AED-9605-4D23-9DBC-805436BD5BF0} = {651B806B-3116-4129-95FD-32DB92B2827F}
	EndGlobalSection
	GlobalSection(ExtensibilityGlobals) = postSolution
		SolutionGuid = {20485CE5-6917-4E55-979F-AE278E10EB30}
	EndGlobalSection
EndGlobal
